{
  "requires": true,
  "lockfileVersion": 1,
  "dependencies": {
    "angular-date-format": {
      "version": "0.3.1",
      "resolved": "https://registry.npmjs.org/angular-date-format/-/angular-date-format-0.3.1.tgz",
      "integrity": "sha1-791jpwjGzs1P501L8NhEd+GBcEo=",
      "requires": {
        "angular2-text-mask": "8.0.4"
      }
    },
    "angular2-text-mask": {
      "version": "8.0.4",
      "resolved": "https://registry.npmjs.org/angular2-text-mask/-/angular2-text-mask-8.0.4.tgz",
      "integrity": "sha1-B+SFdGz7nyfnELJ7J4XqxMxIcfw=",
      "requires": {
        "text-mask-core": "^5.0.0"
      }
    },
    "text-mask-core": {
      "version": "5.1.2",
      "resolved": "https://registry.npmjs.org/text-mask-core/-/text-mask-core-5.1.2.tgz",
      "integrity": "sha1-gN1evgSCV1fkZhnmkUB6n4s8G28="
    }
  }
}
